{
  "version": 4,
  "terraform_version": "1.6.1",
  "serial": 5,
  "lineage": "af6ad295-f33e-557d-5b80-b66de571582e",
  "outputs": {},
  "resources": [
    {
      "mode": "managed",
      "type": "google_storage_bucket",
      "name": "bucket_tfstate",
      "provider": "provider[\"registry.terraform.io/hashicorp/google\"]",
      "instances": [
        {
          "schema_version": 0,
          "attributes": {
            "autoclass": [],
            "cors": [],
            "custom_placement_config": [],
            "default_event_based_hold": false,
            "encryption": [],
            "force_destroy": false,
            "id": "mrportal-tfstate",
            "labels": {},
            "lifecycle_rule": [],
            "location": "ASIA-SOUTHEAST1",
            "logging": [],
            "name": "mrportal-tfstate",
            "project": "munna-rnd",
            "public_access_prevention": "inherited",
            "requester_pays": false,
            "retention_policy": [],
            "self_link": "https://www.googleapis.com/storage/v1/b/mrportal-tfstate",
            "storage_class": "STANDARD",
            "timeouts": null,
            "uniform_bucket_level_access": false,
            "url": "gs://mrportal-tfstate",
            "versioning": [
              {
                "enabled": true
              }
            ],
            "website": []
          },
          "sensitive_attributes": [],
          "private": "eyJlMmJmYjczMC1lY2FhLTExZTYtOGY4OC0zNDM2M2JjN2M0YzAiOnsiY3JlYXRlIjo2MDAwMDAwMDAwMDAsInJlYWQiOjI0MDAwMDAwMDAwMCwidXBkYXRlIjoyNDAwMDAwMDAwMDB9fQ=="
        }
      ]
    },
    {
      "module": "module.vpc",
      "mode": "managed",
      "type": "google_compute_network",
      "name": "network",
      "provider": "provider[\"registry.terraform.io/hashicorp/google\"]",
      "instances": [
        {
          "schema_version": 0,
          "attributes": {
            "auto_create_subnetworks": false,
            "delete_default_routes_on_create": false,
            "description": "uat-mrportal-network",
            "enable_ula_internal_ipv6": false,
            "gateway_ipv4": "",
            "id": "projects/munna-rnd/global/networks/uat-mrportal-network",
            "internal_ipv6_range": "",
            "mtu": 1500,
            "name": "uat-mrportal-network",
            "network_firewall_policy_enforcement_order": "AFTER_CLASSIC_FIREWALL",
            "project": "munna-rnd",
            "routing_mode": "GLOBAL",
            "self_link": "https://www.googleapis.com/compute/v1/projects/munna-rnd/global/networks/uat-mrportal-network",
            "timeouts": null
          },
          "sensitive_attributes": [],
          "private": "eyJlMmJmYjczMC1lY2FhLTExZTYtOGY4OC0zNDM2M2JjN2M0YzAiOnsiY3JlYXRlIjoxMjAwMDAwMDAwMDAwLCJkZWxldGUiOjEyMDAwMDAwMDAwMDAsInVwZGF0ZSI6MTIwMDAwMDAwMDAwMH19"
        }
      ]
    },
    {
      "module": "module.vpc",
      "mode": "managed",
      "type": "google_compute_subnetwork",
      "name": "subnetwork",
      "provider": "provider[\"registry.terraform.io/hashicorp/google\"]",
      "instances": [
        {
          "index_key": "asia-southeast1/uat-mrportal-subnet-1",
          "schema_version": 0,
          "attributes": {
            "creation_timestamp": "2023-10-18T00:57:41.456-07:00",
            "description": "uat-mrportal-Subnet",
            "external_ipv6_prefix": "",
            "fingerprint": null,
            "gateway_address": "10.10.192.1",
            "id": "projects/munna-rnd/regions/asia-southeast1/subnetworks/uat-mrportal-subnet-1",
            "internal_ipv6_prefix": "",
            "ip_cidr_range": "10.10.192.0/24",
            "ipv6_access_type": "",
            "ipv6_cidr_range": "",
            "log_config": [],
            "name": "uat-mrportal-subnet-1",
            "network": "https://www.googleapis.com/compute/v1/projects/munna-rnd/global/networks/uat-mrportal-network",
            "private_ip_google_access": true,
            "private_ipv6_google_access": "DISABLE_GOOGLE_ACCESS",
            "project": "munna-rnd",
            "purpose": "PRIVATE",
            "region": "asia-southeast1",
            "role": "",
            "secondary_ip_range": [],
            "self_link": "https://www.googleapis.com/compute/v1/projects/munna-rnd/regions/asia-southeast1/subnetworks/uat-mrportal-subnet-1",
            "stack_type": "IPV4_ONLY",
            "timeouts": null
          },
          "sensitive_attributes": [],
          "private": "eyJlMmJmYjczMC1lY2FhLTExZTYtOGY4OC0zNDM2M2JjN2M0YzAiOnsiY3JlYXRlIjoxMjAwMDAwMDAwMDAwLCJkZWxldGUiOjEyMDAwMDAwMDAwMDAsInVwZGF0ZSI6MTIwMDAwMDAwMDAwMH19",
          "dependencies": [
            "module.vpc.google_compute_network.network"
          ]
        }
      ]
    }
  ],
  "check_results": null
}
